<?xml version="1.0" encoding="utf-8"?>
<Project ToolsVersion="4.0" xmlns="http://schemas.microsoft.com/developer/msbuild/2003">
  <ItemGroup>
    <Filter Include="Source Files">
      <UniqueIdentifier>{4FC737F1-C7A5-4376-A066-2A32D752A2FF}</UniqueIdentifier>
      <Extensions>cpp;c;cc;cxx;def;odl;idl;hpj;bat;asm;asmx</Extensions>
    </Filter>
    <Filter Include="Header Files">
      <UniqueIdentifier>{93995380-89BD-4b04-88EB-625FBE52EBFB}</UniqueIdentifier>
      <Extensions>h;hh;hpp;hxx;hm;inl;inc;xsd</Extensions>
    </Filter>
    <Filter Include="Resource Files">
      <UniqueIdentifier>{67DA6AB6-F800-4c08-8B7A-83BB121AAD01}</UniqueIdentifier>
      <Extensions>rc;ico;cur;bmp;dlg;rc2;rct;bin;rgs;gif;jpg;jpeg;jpe;resx;tiff;tif;png;wav;mfcribbon-ms</Extensions>
    </Filter>
  </ItemGroup>
  <ItemGroup>
    <Text Include="ReadMe.txt" />
  </ItemGroup>
  <ItemGroup>
    <ClInclude Include="stdafx.h">
      <Filter>Header Files</Filter>
    </ClInclude>
    <ClInclude Include="targetver.h">
      <Filter>Header Files</Filter>
    </ClInclude>
    <ClInclude Include="ScannerStates.h">
      <Filter>Header Files</Filter>
    </ClInclude>
    <ClInclude Include="IScannerState.h">
      <Filter>Header Files</Filter>
    </ClInclude>
    <ClInclude Include="StandardScannerState.h">
      <Filter>Header Files</Filter>
    </ClInclude>
    <ClInclude Include="ErrorScannerState.h">
      <Filter>Header Files</Filter>
    </ClInclude>
    <ClInclude Include="IdentifierScannerState.h">
      <Filter>Header Files</Filter>
    </ClInclude>
    <ClInclude Include="CommentScannerState.h">
      <Filter>Header Files</Filter>
    </ClInclude>
    <ClInclude Include="NumberScannerState.h">
      <Filter>Header Files</Filter>
    </ClInclude>
    <ClInclude Include="SymbolScannerState.h">
      <Filter>Header Files</Filter>
    </ClInclude>
    <ClInclude Include="EndScannerState.h">
      <Filter>Header Files</Filter>
    </ClInclude>
    <ClInclude Include="Scanner.h">
      <Filter>Header Files</Filter>
    </ClInclude>
    <ClInclude Include="Stream.h">
      <Filter>Header Files</Filter>
    </ClInclude>
    <ClInclude Include="Token.h">
      <Filter>Header Files</Filter>
    </ClInclude>
    <ClInclude Include="NonTerminalExpression.h">
      <Filter>Header Files</Filter>
    </ClInclude>
    <ClInclude Include="IExpression.h">
      <Filter>Header Files</Filter>
    </ClInclude>
    <ClInclude Include="ObjectExpression.h">
      <Filter>Header Files</Filter>
    </ClInclude>
    <ClInclude Include="TokenTypes.h">
      <Filter>Header Files</Filter>
    </ClInclude>
    <ClInclude Include="Parser.h">
      <Filter>Header Files</Filter>
    </ClInclude>
    <ClInclude Include="ModelObject.h">
      <Filter>Header Files</Filter>
    </ClInclude>
    <ClInclude Include="VertexExpression.h">
      <Filter>Header Files</Filter>
    </ClInclude>
    <ClInclude Include="UVExpression.h">
      <Filter>Header Files</Filter>
    </ClInclude>
    <ClInclude Include="NormalExpression.h">
      <Filter>Header Files</Filter>
    </ClInclude>
    <ClInclude Include="FaceExpression.h">
      <Filter>Header Files</Filter>
    </ClInclude>
    <ClInclude Include="LineExpression.h">
      <Filter>Header Files</Filter>
    </ClInclude>
    <ClInclude Include="OBJData.h">
      <Filter>Header Files</Filter>
    </ClInclude>
    <ClInclude Include="Group.h">
      <Filter>Header Files</Filter>
    </ClInclude>
    <ClInclude Include="Face.h">
      <Filter>Header Files</Filter>
    </ClInclude>
    <ClInclude Include="OBJParser.h">
      <Filter>Header Files</Filter>
    </ClInclude>
    <ClInclude Include="FaceVertex.h">
      <Filter>Header Files</Filter>
    </ClInclude>
    <ClInclude Include="MaterialExpression.h">
      <Filter>Header Files</Filter>
    </ClInclude>
    <ClInclude Include="Material.h">
      <Filter>Header Files</Filter>
    </ClInclude>
    <ClInclude Include="Color.h">
      <Filter>Header Files</Filter>
    </ClInclude>
    <ClInclude Include="Vector3.h">
      <Filter>Header Files</Filter>
    </ClInclude>
    <ClInclude Include="Vector2.h">
      <Filter>Header Files</Filter>
    </ClInclude>
    <ClInclude Include="conversionFuncs.h">
      <Filter>Header Files</Filter>
    </ClInclude>
  </ItemGroup>
  <ItemGroup>
    <ClCompile Include="stdafx.cpp">
      <Filter>Source Files</Filter>
    </ClCompile>
    <ClCompile Include="OBJParser.cpp">
      <Filter>Source Files</Filter>
    </ClCompile>
    <ClCompile Include="dllmain.cpp">
      <Filter>Source Files</Filter>
    </ClCompile>
    <ClCompile Include="Scanner.cpp">
      <Filter>Source Files</Filter>
    </ClCompile>
    <ClCompile Include="SymbolScannerState.cpp">
      <Filter>Source Files</Filter>
    </ClCompile>
    <ClCompile Include="CommentScannerState.cpp">
      <Filter>Source Files</Filter>
    </ClCompile>
    <ClCompile Include="IdentifierScannerState.cpp">
      <Filter>Source Files</Filter>
    </ClCompile>
    <ClCompile Include="EndScannerState.cpp">
      <Filter>Source Files</Filter>
    </ClCompile>
    <ClCompile Include="NumberScannerState.cpp">
      <Filter>Source Files</Filter>
    </ClCompile>
    <ClCompile Include="ErrorScannerState.cpp">
      <Filter>Source Files</Filter>
    </ClCompile>
    <ClCompile Include="StandardScannerState.cpp">
      <Filter>Source Files</Filter>
    </ClCompile>
    <ClCompile Include="Stream.cpp">
      <Filter>Source Files</Filter>
    </ClCompile>
    <ClCompile Include="IScannerState.cpp">
      <Filter>Source Files</Filter>
    </ClCompile>
    <ClCompile Include="Token.cpp">
      <Filter>Source Files</Filter>
    </ClCompile>
    <ClCompile Include="NonTerminalExpression.cpp">
      <Filter>Source Files</Filter>
    </ClCompile>
    <ClCompile Include="IExpression.cpp">
      <Filter>Source Files</Filter>
    </ClCompile>
    <ClCompile Include="ObjectExpression.cpp">
      <Filter>Source Files</Filter>
    </ClCompile>
    <ClCompile Include="Parser.cpp">
      <Filter>Source Files</Filter>
    </ClCompile>
    <ClCompile Include="ModelObject.cpp">
      <Filter>Source Files</Filter>
    </ClCompile>
    <ClCompile Include="VertexExpression.cpp">
      <Filter>Source Files</Filter>
    </ClCompile>
    <ClCompile Include="UVExpression.cpp">
      <Filter>Source Files</Filter>
    </ClCompile>
    <ClCompile Include="NormalExpression.cpp">
      <Filter>Source Files</Filter>
    </ClCompile>
    <ClCompile Include="FaceExpression.cpp">
      <Filter>Source Files</Filter>
    </ClCompile>
    <ClCompile Include="LineExpression.cpp">
      <Filter>Source Files</Filter>
    </ClCompile>
    <ClCompile Include="OBJData.cpp">
      <Filter>Source Files</Filter>
    </ClCompile>
    <ClCompile Include="Group.cpp">
      <Filter>Source Files</Filter>
    </ClCompile>
    <ClCompile Include="Face.cpp">
      <Filter>Source Files</Filter>
    </ClCompile>
    <ClCompile Include="OBJParserTester.cpp">
      <Filter>Source Files</Filter>
    </ClCompile>
    <ClCompile Include="FaceVertex.cpp">
      <Filter>Source Files</Filter>
    </ClCompile>
    <ClCompile Include="MaterialExpression.cpp">
      <Filter>Source Files</Filter>
    </ClCompile>
    <ClCompile Include="Material.cpp">
      <Filter>Source Files</Filter>
    </ClCompile>
    <ClCompile Include="Color.cpp">
      <Filter>Source Files</Filter>
    </ClCompile>
    <ClCompile Include="conversionFuncs.cpp">
      <Filter>Source Files</Filter>
    </ClCompile>
  </ItemGroup>
</Project>